Microsoft Visual Studio Solution File, Format Version 12.00
# Visual Studio 15
Project("{2150E333-8FDC-42A3-9474-1A3956D46DE8}") = "CMakePredefinedTargets", "CMakePredefinedTargets", "{907A38A0-A9EA-35A2-8C1B-873E5CE0278C}"
EndProject
Project("{2150E333-8FDC-42A3-9474-1A3956D46DE8}") = "External", "External", "{BF6B921D-BFD8-3B38-9030-4904B9D4DAFC}"
EndProject
Project("{2150E333-8FDC-42A3-9474-1A3956D46DE8}") = "Internal", "Internal", "{5D272A40-C019-34E0-92AC-6F79622AFB35}"
EndProject
Project("{2150E333-8FDC-42A3-9474-1A3956D46DE8}") = "Utils", "Utils", "{3EC80DF8-BB18-3CCB-9582-35B8BD2A1EF1}"
EndProject
Project("{8BC9CEB8-8B4A-11D0-8D11-00A0C91BC942}") = "ALL_BUILD", "ALL_BUILD.vcxproj", "{48B17194-ECA9-3DBE-91AB-FA9CAF937E2B}"
	ProjectSection(ProjectDependencies) = postProject
		{38C20A84-D254-3ED5-8603-FE61953B6DB0} = {38C20A84-D254-3ED5-8603-FE61953B6DB0}
		{067767E0-2698-39D0-A58C-5B57414F7486} = {067767E0-2698-39D0-A58C-5B57414F7486}
		{C227EA52-CC86-3561-8F9C-8C229F168C2C} = {C227EA52-CC86-3561-8F9C-8C229F168C2C}
		{C453A39A-1058-3A7D-AFF5-BCEDCC67CE97} = {C453A39A-1058-3A7D-AFF5-BCEDCC67CE97}
		{AB33C3D6-FE66-3B7E-AEF9-392E7EEA70CA} = {AB33C3D6-FE66-3B7E-AEF9-392E7EEA70CA}
		{53640C70-EE2C-3BC4-A6E7-EFAC07C43F00} = {53640C70-EE2C-3BC4-A6E7-EFAC07C43F00}
		{E5CE5D6B-191D-3FD9-AAD3-83069E26A686} = {E5CE5D6B-191D-3FD9-AAD3-83069E26A686}
		{BAD4FBCC-17FF-33CA-ADA8-96BB555AA1F3} = {BAD4FBCC-17FF-33CA-ADA8-96BB555AA1F3}
		{B550E40F-DA7A-37E9-8AE7-1B051CCBB3BD} = {B550E40F-DA7A-37E9-8AE7-1B051CCBB3BD}
		{3D5A3447-1E04-3509-BA36-B93B068E9A1A} = {3D5A3447-1E04-3509-BA36-B93B068E9A1A}
		{5CA58D75-05A8-3352-A1EE-5594C8EAC21D} = {5CA58D75-05A8-3352-A1EE-5594C8EAC21D}
		{ACCC281A-9EBF-35CC-9FCF-131A7B44DF65} = {ACCC281A-9EBF-35CC-9FCF-131A7B44DF65}
		{84087F3D-9CB5-3CCD-BA41-8031883043D0} = {84087F3D-9CB5-3CCD-BA41-8031883043D0}
		{DB05D646-9A49-3416-82F0-8F41B2843531} = {DB05D646-9A49-3416-82F0-8F41B2843531}
		{07DE3A4F-FBEB-3DC4-B07C-ECA0D24C49FF} = {07DE3A4F-FBEB-3DC4-B07C-ECA0D24C49FF}
	EndProjectSection
EndProject
Project("{8BC9CEB8-8B4A-11D0-8D11-00A0C91BC942}") = "SYNC_RESOURCE-SimpleGame", "SYNC_RESOURCE-SimpleGame.vcxproj", "{38C20A84-D254-3ED5-8603-FE61953B6DB0}"
	ProjectSection(ProjectDependencies) = postProject
		{C227EA52-CC86-3561-8F9C-8C229F168C2C} = {C227EA52-CC86-3561-8F9C-8C229F168C2C}
	EndProjectSection
EndProject
Project("{8BC9CEB8-8B4A-11D0-8D11-00A0C91BC942}") = "SimpleGame", "SimpleGame.vcxproj", "{067767E0-2698-39D0-A58C-5B57414F7486}"
	ProjectSection(ProjectDependencies) = postProject
		{38C20A84-D254-3ED5-8603-FE61953B6DB0} = {38C20A84-D254-3ED5-8603-FE61953B6DB0}
		{C227EA52-CC86-3561-8F9C-8C229F168C2C} = {C227EA52-CC86-3561-8F9C-8C229F168C2C}
		{C453A39A-1058-3A7D-AFF5-BCEDCC67CE97} = {C453A39A-1058-3A7D-AFF5-BCEDCC67CE97}
		{AB33C3D6-FE66-3B7E-AEF9-392E7EEA70CA} = {AB33C3D6-FE66-3B7E-AEF9-392E7EEA70CA}
		{53640C70-EE2C-3BC4-A6E7-EFAC07C43F00} = {53640C70-EE2C-3BC4-A6E7-EFAC07C43F00}
		{E5CE5D6B-191D-3FD9-AAD3-83069E26A686} = {E5CE5D6B-191D-3FD9-AAD3-83069E26A686}
		{BAD4FBCC-17FF-33CA-ADA8-96BB555AA1F3} = {BAD4FBCC-17FF-33CA-ADA8-96BB555AA1F3}
		{B550E40F-DA7A-37E9-8AE7-1B051CCBB3BD} = {B550E40F-DA7A-37E9-8AE7-1B051CCBB3BD}
		{3D5A3447-1E04-3509-BA36-B93B068E9A1A} = {3D5A3447-1E04-3509-BA36-B93B068E9A1A}
		{5CA58D75-05A8-3352-A1EE-5594C8EAC21D} = {5CA58D75-05A8-3352-A1EE-5594C8EAC21D}
		{ACCC281A-9EBF-35CC-9FCF-131A7B44DF65} = {ACCC281A-9EBF-35CC-9FCF-131A7B44DF65}
		{84087F3D-9CB5-3CCD-BA41-8031883043D0} = {84087F3D-9CB5-3CCD-BA41-8031883043D0}
		{DB05D646-9A49-3416-82F0-8F41B2843531} = {DB05D646-9A49-3416-82F0-8F41B2843531}
		{07DE3A4F-FBEB-3DC4-B07C-ECA0D24C49FF} = {07DE3A4F-FBEB-3DC4-B07C-ECA0D24C49FF}
	EndProjectSection
EndProject
Project("{8BC9CEB8-8B4A-11D0-8D11-00A0C91BC942}") = "ZERO_CHECK", "ZERO_CHECK.vcxproj", "{C227EA52-CC86-3561-8F9C-8C229F168C2C}"
	ProjectSection(ProjectDependencies) = postProject
	EndProjectSection
EndProject
Project("{8BC9CEB8-8B4A-11D0-8D11-00A0C91BC942}") = "cocos2d", "engine\cocos\core\cocos2d.vcxproj", "{C453A39A-1058-3A7D-AFF5-BCEDCC67CE97}"
	ProjectSection(ProjectDependencies) = postProject
		{C227EA52-CC86-3561-8F9C-8C229F168C2C} = {C227EA52-CC86-3561-8F9C-8C229F168C2C}
		{AB33C3D6-FE66-3B7E-AEF9-392E7EEA70CA} = {AB33C3D6-FE66-3B7E-AEF9-392E7EEA70CA}
		{53640C70-EE2C-3BC4-A6E7-EFAC07C43F00} = {53640C70-EE2C-3BC4-A6E7-EFAC07C43F00}
		{E5CE5D6B-191D-3FD9-AAD3-83069E26A686} = {E5CE5D6B-191D-3FD9-AAD3-83069E26A686}
		{BAD4FBCC-17FF-33CA-ADA8-96BB555AA1F3} = {BAD4FBCC-17FF-33CA-ADA8-96BB555AA1F3}
		{B550E40F-DA7A-37E9-8AE7-1B051CCBB3BD} = {B550E40F-DA7A-37E9-8AE7-1B051CCBB3BD}
		{3D5A3447-1E04-3509-BA36-B93B068E9A1A} = {3D5A3447-1E04-3509-BA36-B93B068E9A1A}
		{5CA58D75-05A8-3352-A1EE-5594C8EAC21D} = {5CA58D75-05A8-3352-A1EE-5594C8EAC21D}
		{ACCC281A-9EBF-35CC-9FCF-131A7B44DF65} = {ACCC281A-9EBF-35CC-9FCF-131A7B44DF65}
		{84087F3D-9CB5-3CCD-BA41-8031883043D0} = {84087F3D-9CB5-3CCD-BA41-8031883043D0}
		{DB05D646-9A49-3416-82F0-8F41B2843531} = {DB05D646-9A49-3416-82F0-8F41B2843531}
		{07DE3A4F-FBEB-3DC4-B07C-ECA0D24C49FF} = {07DE3A4F-FBEB-3DC4-B07C-ECA0D24C49FF}
	EndProjectSection
EndProject
Project("{8BC9CEB8-8B4A-11D0-8D11-00A0C91BC942}") = "ext_clipper", "engine\external\clipper\ext_clipper.vcxproj", "{AB33C3D6-FE66-3B7E-AEF9-392E7EEA70CA}"
	ProjectSection(ProjectDependencies) = postProject
		{C227EA52-CC86-3561-8F9C-8C229F168C2C} = {C227EA52-CC86-3561-8F9C-8C229F168C2C}
	EndProjectSection
EndProject
Project("{8BC9CEB8-8B4A-11D0-8D11-00A0C91BC942}") = "ext_convertUTF", "engine\external\ConvertUTF\ext_convertUTF.vcxproj", "{53640C70-EE2C-3BC4-A6E7-EFAC07C43F00}"
	ProjectSection(ProjectDependencies) = postProject
		{C227EA52-CC86-3561-8F9C-8C229F168C2C} = {C227EA52-CC86-3561-8F9C-8C229F168C2C}
	EndProjectSection
EndProject
Project("{8BC9CEB8-8B4A-11D0-8D11-00A0C91BC942}") = "ext_edtaa3func", "engine\external\edtaa3func\ext_edtaa3func.vcxproj", "{E5CE5D6B-191D-3FD9-AAD3-83069E26A686}"
	ProjectSection(ProjectDependencies) = postProject
		{C227EA52-CC86-3561-8F9C-8C229F168C2C} = {C227EA52-CC86-3561-8F9C-8C229F168C2C}
	EndProjectSection
EndProject
Project("{8BC9CEB8-8B4A-11D0-8D11-00A0C91BC942}") = "ext_md5", "engine\external\md5\ext_md5.vcxproj", "{BAD4FBCC-17FF-33CA-ADA8-96BB555AA1F3}"
	ProjectSection(ProjectDependencies) = postProject
		{C227EA52-CC86-3561-8F9C-8C229F168C2C} = {C227EA52-CC86-3561-8F9C-8C229F168C2C}
	EndProjectSection
EndProject
Project("{8BC9CEB8-8B4A-11D0-8D11-00A0C91BC942}") = "ext_poly2tri", "engine\external\poly2tri\ext_poly2tri.vcxproj", "{B550E40F-DA7A-37E9-8AE7-1B051CCBB3BD}"
	ProjectSection(ProjectDependencies) = postProject
		{C227EA52-CC86-3561-8F9C-8C229F168C2C} = {C227EA52-CC86-3561-8F9C-8C229F168C2C}
	EndProjectSection
EndProject
Project("{8BC9CEB8-8B4A-11D0-8D11-00A0C91BC942}") = "ext_recast", "engine\external\recast\ext_recast.vcxproj", "{3D5A3447-1E04-3509-BA36-B93B068E9A1A}"
	ProjectSection(ProjectDependencies) = postProject
		{C227EA52-CC86-3561-8F9C-8C229F168C2C} = {C227EA52-CC86-3561-8F9C-8C229F168C2C}
	EndProjectSection
EndProject
Project("{8BC9CEB8-8B4A-11D0-8D11-00A0C91BC942}") = "ext_tinyxml2", "engine\external\tinyxml2\ext_tinyxml2.vcxproj", "{5CA58D75-05A8-3352-A1EE-5594C8EAC21D}"
	ProjectSection(ProjectDependencies) = postProject
		{C227EA52-CC86-3561-8F9C-8C229F168C2C} = {C227EA52-CC86-3561-8F9C-8C229F168C2C}
	EndProjectSection
EndProject
Project("{8BC9CEB8-8B4A-11D0-8D11-00A0C91BC942}") = "ext_unzip", "engine\external\unzip\ext_unzip.vcxproj", "{ACCC281A-9EBF-35CC-9FCF-131A7B44DF65}"
	ProjectSection(ProjectDependencies) = postProject
		{C227EA52-CC86-3561-8F9C-8C229F168C2C} = {C227EA52-CC86-3561-8F9C-8C229F168C2C}
	EndProjectSection
EndProject
Project("{8BC9CEB8-8B4A-11D0-8D11-00A0C91BC942}") = "ext_xxhash", "engine\external\xxhash\ext_xxhash.vcxproj", "{84087F3D-9CB5-3CCD-BA41-8031883043D0}"
	ProjectSection(ProjectDependencies) = postProject
		{C227EA52-CC86-3561-8F9C-8C229F168C2C} = {C227EA52-CC86-3561-8F9C-8C229F168C2C}
	EndProjectSection
EndProject
Project("{8BC9CEB8-8B4A-11D0-8D11-00A0C91BC942}") = "ext_xxtea", "engine\external\xxtea\ext_xxtea.vcxproj", "{DB05D646-9A49-3416-82F0-8F41B2843531}"
	ProjectSection(ProjectDependencies) = postProject
		{C227EA52-CC86-3561-8F9C-8C229F168C2C} = {C227EA52-CC86-3561-8F9C-8C229F168C2C}
	EndProjectSection
EndProject
Project("{8BC9CEB8-8B4A-11D0-8D11-00A0C91BC942}") = "external", "engine\external\external.vcxproj", "{07DE3A4F-FBEB-3DC4-B07C-ECA0D24C49FF}"
	ProjectSection(ProjectDependencies) = postProject
		{C227EA52-CC86-3561-8F9C-8C229F168C2C} = {C227EA52-CC86-3561-8F9C-8C229F168C2C}
		{AB33C3D6-FE66-3B7E-AEF9-392E7EEA70CA} = {AB33C3D6-FE66-3B7E-AEF9-392E7EEA70CA}
		{53640C70-EE2C-3BC4-A6E7-EFAC07C43F00} = {53640C70-EE2C-3BC4-A6E7-EFAC07C43F00}
		{E5CE5D6B-191D-3FD9-AAD3-83069E26A686} = {E5CE5D6B-191D-3FD9-AAD3-83069E26A686}
		{BAD4FBCC-17FF-33CA-ADA8-96BB555AA1F3} = {BAD4FBCC-17FF-33CA-ADA8-96BB555AA1F3}
		{B550E40F-DA7A-37E9-8AE7-1B051CCBB3BD} = {B550E40F-DA7A-37E9-8AE7-1B051CCBB3BD}
		{3D5A3447-1E04-3509-BA36-B93B068E9A1A} = {3D5A3447-1E04-3509-BA36-B93B068E9A1A}
		{5CA58D75-05A8-3352-A1EE-5594C8EAC21D} = {5CA58D75-05A8-3352-A1EE-5594C8EAC21D}
		{ACCC281A-9EBF-35CC-9FCF-131A7B44DF65} = {ACCC281A-9EBF-35CC-9FCF-131A7B44DF65}
		{84087F3D-9CB5-3CCD-BA41-8031883043D0} = {84087F3D-9CB5-3CCD-BA41-8031883043D0}
		{DB05D646-9A49-3416-82F0-8F41B2843531} = {DB05D646-9A49-3416-82F0-8F41B2843531}
	EndProjectSection
EndProject
Global
	GlobalSection(SolutionConfigurationPlatforms) = preSolution
		Debug|Win32 = Debug|Win32
		Release|Win32 = Release|Win32
		MinSizeRel|Win32 = MinSizeRel|Win32
		RelWithDebInfo|Win32 = RelWithDebInfo|Win32
	EndGlobalSection
	GlobalSection(ProjectConfigurationPlatforms) = postSolution
		{48B17194-ECA9-3DBE-91AB-FA9CAF937E2B}.Debug|Win32.ActiveCfg = Debug|Win32
		{48B17194-ECA9-3DBE-91AB-FA9CAF937E2B}.Release|Win32.ActiveCfg = Release|Win32
		{48B17194-ECA9-3DBE-91AB-FA9CAF937E2B}.MinSizeRel|Win32.ActiveCfg = MinSizeRel|Win32
		{48B17194-ECA9-3DBE-91AB-FA9CAF937E2B}.RelWithDebInfo|Win32.ActiveCfg = RelWithDebInfo|Win32
		{38C20A84-D254-3ED5-8603-FE61953B6DB0}.Debug|Win32.ActiveCfg = Debug|Win32
		{38C20A84-D254-3ED5-8603-FE61953B6DB0}.Debug|Win32.Build.0 = Debug|Win32
		{38C20A84-D254-3ED5-8603-FE61953B6DB0}.Release|Win32.ActiveCfg = Release|Win32
		{38C20A84-D254-3ED5-8603-FE61953B6DB0}.Release|Win32.Build.0 = Release|Win32
		{38C20A84-D254-3ED5-8603-FE61953B6DB0}.MinSizeRel|Win32.ActiveCfg = MinSizeRel|Win32
		{38C20A84-D254-3ED5-8603-FE61953B6DB0}.MinSizeRel|Win32.Build.0 = MinSizeRel|Win32
		{38C20A84-D254-3ED5-8603-FE61953B6DB0}.RelWithDebInfo|Win32.ActiveCfg = RelWithDebInfo|Win32
		{38C20A84-D254-3ED5-8603-FE61953B6DB0}.RelWithDebInfo|Win32.Build.0 = RelWithDebInfo|Win32
		{067767E0-2698-39D0-A58C-5B57414F7486}.Debug|Win32.ActiveCfg = Debug|Win32
		{067767E0-2698-39D0-A58C-5B57414F7486}.Debug|Win32.Build.0 = Debug|Win32
		{067767E0-2698-39D0-A58C-5B57414F7486}.Release|Win32.ActiveCfg = Release|Win32
		{067767E0-2698-39D0-A58C-5B57414F7486}.Release|Win32.Build.0 = Release|Win32
		{067767E0-2698-39D0-A58C-5B57414F7486}.MinSizeRel|Win32.ActiveCfg = MinSizeRel|Win32
		{067767E0-2698-39D0-A58C-5B57414F7486}.MinSizeRel|Win32.Build.0 = MinSizeRel|Win32
		{067767E0-2698-39D0-A58C-5B57414F7486}.RelWithDebInfo|Win32.ActiveCfg = RelWithDebInfo|Win32
		{067767E0-2698-39D0-A58C-5B57414F7486}.RelWithDebInfo|Win32.Build.0 = RelWithDebInfo|Win32
		{C227EA52-CC86-3561-8F9C-8C229F168C2C}.Debug|Win32.ActiveCfg = Debug|Win32
		{C227EA52-CC86-3561-8F9C-8C229F168C2C}.Debug|Win32.Build.0 = Debug|Win32
		{C227EA52-CC86-3561-8F9C-8C229F168C2C}.Release|Win32.ActiveCfg = Release|Win32
		{C227EA52-CC86-3561-8F9C-8C229F168C2C}.Release|Win32.Build.0 = Release|Win32
		{C227EA52-CC86-3561-8F9C-8C229F168C2C}.MinSizeRel|Win32.ActiveCfg = MinSizeRel|Win32
		{C227EA52-CC86-3561-8F9C-8C229F168C2C}.MinSizeRel|Win32.Build.0 = MinSizeRel|Win32
		{C227EA52-CC86-3561-8F9C-8C229F168C2C}.RelWithDebInfo|Win32.ActiveCfg = RelWithDebInfo|Win32
		{C227EA52-CC86-3561-8F9C-8C229F168C2C}.RelWithDebInfo|Win32.Build.0 = RelWithDebInfo|Win32
		{C453A39A-1058-3A7D-AFF5-BCEDCC67CE97}.Debug|Win32.ActiveCfg = Debug|Win32
		{C453A39A-1058-3A7D-AFF5-BCEDCC67CE97}.Debug|Win32.Build.0 = Debug|Win32
		{C453A39A-1058-3A7D-AFF5-BCEDCC67CE97}.Release|Win32.ActiveCfg = Release|Win32
		{C453A39A-1058-3A7D-AFF5-BCEDCC67CE97}.Release|Win32.Build.0 = Release|Win32
		{C453A39A-1058-3A7D-AFF5-BCEDCC67CE97}.MinSizeRel|Win32.ActiveCfg = MinSizeRel|Win32
		{C453A39A-1058-3A7D-AFF5-BCEDCC67CE97}.MinSizeRel|Win32.Build.0 = MinSizeRel|Win32
		{C453A39A-1058-3A7D-AFF5-BCEDCC67CE97}.RelWithDebInfo|Win32.ActiveCfg = RelWithDebInfo|Win32
		{C453A39A-1058-3A7D-AFF5-BCEDCC67CE97}.RelWithDebInfo|Win32.Build.0 = RelWithDebInfo|Win32
		{AB33C3D6-FE66-3B7E-AEF9-392E7EEA70CA}.Debug|Win32.ActiveCfg = Debug|Win32
		{AB33C3D6-FE66-3B7E-AEF9-392E7EEA70CA}.Debug|Win32.Build.0 = Debug|Win32
		{AB33C3D6-FE66-3B7E-AEF9-392E7EEA70CA}.Release|Win32.ActiveCfg = Release|Win32
		{AB33C3D6-FE66-3B7E-AEF9-392E7EEA70CA}.Release|Win32.Build.0 = Release|Win32
		{AB33C3D6-FE66-3B7E-AEF9-392E7EEA70CA}.MinSizeRel|Win32.ActiveCfg = MinSizeRel|Win32
		{AB33C3D6-FE66-3B7E-AEF9-392E7EEA70CA}.MinSizeRel|Win32.Build.0 = MinSizeRel|Win32
		{AB33C3D6-FE66-3B7E-AEF9-392E7EEA70CA}.RelWithDebInfo|Win32.ActiveCfg = RelWithDebInfo|Win32
		{AB33C3D6-FE66-3B7E-AEF9-392E7EEA70CA}.RelWithDebInfo|Win32.Build.0 = RelWithDebInfo|Win32
		{53640C70-EE2C-3BC4-A6E7-EFAC07C43F00}.Debug|Win32.ActiveCfg = Debug|Win32
		{53640C70-EE2C-3BC4-A6E7-EFAC07C43F00}.Debug|Win32.Build.0 = Debug|Win32
		{53640C70-EE2C-3BC4-A6E7-EFAC07C43F00}.Release|Win32.ActiveCfg = Release|Win32
		{53640C70-EE2C-3BC4-A6E7-EFAC07C43F00}.Release|Win32.Build.0 = Release|Win32
		{53640C70-EE2C-3BC4-A6E7-EFAC07C43F00}.MinSizeRel|Win32.ActiveCfg = MinSizeRel|Win32
		{53640C70-EE2C-3BC4-A6E7-EFAC07C43F00}.MinSizeRel|Win32.Build.0 = MinSizeRel|Win32
		{53640C70-EE2C-3BC4-A6E7-EFAC07C43F00}.RelWithDebInfo|Win32.ActiveCfg = RelWithDebInfo|Win32
		{53640C70-EE2C-3BC4-A6E7-EFAC07C43F00}.RelWithDebInfo|Win32.Build.0 = RelWithDebInfo|Win32
		{E5CE5D6B-191D-3FD9-AAD3-83069E26A686}.Debug|Win32.ActiveCfg = Debug|Win32
		{E5CE5D6B-191D-3FD9-AAD3-83069E26A686}.Debug|Win32.Build.0 = Debug|Win32
		{E5CE5D6B-191D-3FD9-AAD3-83069E26A686}.Release|Win32.ActiveCfg = Release|Win32
		{E5CE5D6B-191D-3FD9-AAD3-83069E26A686}.Release|Win32.Build.0 = Release|Win32
		{E5CE5D6B-191D-3FD9-AAD3-83069E26A686}.MinSizeRel|Win32.ActiveCfg = MinSizeRel|Win32
		{E5CE5D6B-191D-3FD9-AAD3-83069E26A686}.MinSizeRel|Win32.Build.0 = MinSizeRel|Win32
		{E5CE5D6B-191D-3FD9-AAD3-83069E26A686}.RelWithDebInfo|Win32.ActiveCfg = RelWithDebInfo|Win32
		{E5CE5D6B-191D-3FD9-AAD3-83069E26A686}.RelWithDebInfo|Win32.Build.0 = RelWithDebInfo|Win32
		{BAD4FBCC-17FF-33CA-ADA8-96BB555AA1F3}.Debug|Win32.ActiveCfg = Debug|Win32
		{BAD4FBCC-17FF-33CA-ADA8-96BB555AA1F3}.Debug|Win32.Build.0 = Debug|Win32
		{BAD4FBCC-17FF-33CA-ADA8-96BB555AA1F3}.Release|Win32.ActiveCfg = Release|Win32
		{BAD4FBCC-17FF-33CA-ADA8-96BB555AA1F3}.Release|Win32.Build.0 = Release|Win32
		{BAD4FBCC-17FF-33CA-ADA8-96BB555AA1F3}.MinSizeRel|Win32.ActiveCfg = MinSizeRel|Win32
		{BAD4FBCC-17FF-33CA-ADA8-96BB555AA1F3}.MinSizeRel|Win32.Build.0 = MinSizeRel|Win32
		{BAD4FBCC-17FF-33CA-ADA8-96BB555AA1F3}.RelWithDebInfo|Win32.ActiveCfg = RelWithDebInfo|Win32
		{BAD4FBCC-17FF-33CA-ADA8-96BB555AA1F3}.RelWithDebInfo|Win32.Build.0 = RelWithDebInfo|Win32
		{B550E40F-DA7A-37E9-8AE7-1B051CCBB3BD}.Debug|Win32.ActiveCfg = Debug|Win32
		{B550E40F-DA7A-37E9-8AE7-1B051CCBB3BD}.Debug|Win32.Build.0 = Debug|Win32
		{B550E40F-DA7A-37E9-8AE7-1B051CCBB3BD}.Release|Win32.ActiveCfg = Release|Win32
		{B550E40F-DA7A-37E9-8AE7-1B051CCBB3BD}.Release|Win32.Build.0 = Release|Win32
		{B550E40F-DA7A-37E9-8AE7-1B051CCBB3BD}.MinSizeRel|Win32.ActiveCfg = MinSizeRel|Win32
		{B550E40F-DA7A-37E9-8AE7-1B051CCBB3BD}.MinSizeRel|Win32.Build.0 = MinSizeRel|Win32
		{B550E40F-DA7A-37E9-8AE7-1B051CCBB3BD}.RelWithDebInfo|Win32.ActiveCfg = RelWithDebInfo|Win32
		{B550E40F-DA7A-37E9-8AE7-1B051CCBB3BD}.RelWithDebInfo|Win32.Build.0 = RelWithDebInfo|Win32
		{3D5A3447-1E04-3509-BA36-B93B068E9A1A}.Debug|Win32.ActiveCfg = Debug|Win32
		{3D5A3447-1E04-3509-BA36-B93B068E9A1A}.Debug|Win32.Build.0 = Debug|Win32
		{3D5A3447-1E04-3509-BA36-B93B068E9A1A}.Release|Win32.ActiveCfg = Release|Win32
		{3D5A3447-1E04-3509-BA36-B93B068E9A1A}.Release|Win32.Build.0 = Release|Win32
		{3D5A3447-1E04-3509-BA36-B93B068E9A1A}.MinSizeRel|Win32.ActiveCfg = MinSizeRel|Win32
		{3D5A3447-1E04-3509-BA36-B93B068E9A1A}.MinSizeRel|Win32.Build.0 = MinSizeRel|Win32
		{3D5A3447-1E04-3509-BA36-B93B068E9A1A}.RelWithDebInfo|Win32.ActiveCfg = RelWithDebInfo|Win32
		{3D5A3447-1E04-3509-BA36-B93B068E9A1A}.RelWithDebInfo|Win32.Build.0 = RelWithDebInfo|Win32
		{5CA58D75-05A8-3352-A1EE-5594C8EAC21D}.Debug|Win32.ActiveCfg = Debug|Win32
		{5CA58D75-05A8-3352-A1EE-5594C8EAC21D}.Debug|Win32.Build.0 = Debug|Win32
		{5CA58D75-05A8-3352-A1EE-5594C8EAC21D}.Release|Win32.ActiveCfg = Release|Win32
		{5CA58D75-05A8-3352-A1EE-5594C8EAC21D}.Release|Win32.Build.0 = Release|Win32
		{5CA58D75-05A8-3352-A1EE-5594C8EAC21D}.MinSizeRel|Win32.ActiveCfg = MinSizeRel|Win32
		{5CA58D75-05A8-3352-A1EE-5594C8EAC21D}.MinSizeRel|Win32.Build.0 = MinSizeRel|Win32
		{5CA58D75-05A8-3352-A1EE-5594C8EAC21D}.RelWithDebInfo|Win32.ActiveCfg = RelWithDebInfo|Win32
		{5CA58D75-05A8-3352-A1EE-5594C8EAC21D}.RelWithDebInfo|Win32.Build.0 = RelWithDebInfo|Win32
		{ACCC281A-9EBF-35CC-9FCF-131A7B44DF65}.Debug|Win32.ActiveCfg = Debug|Win32
		{ACCC281A-9EBF-35CC-9FCF-131A7B44DF65}.Debug|Win32.Build.0 = Debug|Win32
		{ACCC281A-9EBF-35CC-9FCF-131A7B44DF65}.Release|Win32.ActiveCfg = Release|Win32
		{ACCC281A-9EBF-35CC-9FCF-131A7B44DF65}.Release|Win32.Build.0 = Release|Win32
		{ACCC281A-9EBF-35CC-9FCF-131A7B44DF65}.MinSizeRel|Win32.ActiveCfg = MinSizeRel|Win32
		{ACCC281A-9EBF-35CC-9FCF-131A7B44DF65}.MinSizeRel|Win32.Build.0 = MinSizeRel|Win32
		{ACCC281A-9EBF-35CC-9FCF-131A7B44DF65}.RelWithDebInfo|Win32.ActiveCfg = RelWithDebInfo|Win32
		{ACCC281A-9EBF-35CC-9FCF-131A7B44DF65}.RelWithDebInfo|Win32.Build.0 = RelWithDebInfo|Win32
		{84087F3D-9CB5-3CCD-BA41-8031883043D0}.Debug|Win32.ActiveCfg = Debug|Win32
		{84087F3D-9CB5-3CCD-BA41-8031883043D0}.Debug|Win32.Build.0 = Debug|Win32
		{84087F3D-9CB5-3CCD-BA41-8031883043D0}.Release|Win32.ActiveCfg = Release|Win32
		{84087F3D-9CB5-3CCD-BA41-8031883043D0}.Release|Win32.Build.0 = Release|Win32
		{84087F3D-9CB5-3CCD-BA41-8031883043D0}.MinSizeRel|Win32.ActiveCfg = MinSizeRel|Win32
		{84087F3D-9CB5-3CCD-BA41-8031883043D0}.MinSizeRel|Win32.Build.0 = MinSizeRel|Win32
		{84087F3D-9CB5-3CCD-BA41-8031883043D0}.RelWithDebInfo|Win32.ActiveCfg = RelWithDebInfo|Win32
		{84087F3D-9CB5-3CCD-BA41-8031883043D0}.RelWithDebInfo|Win32.Build.0 = RelWithDebInfo|Win32
		{DB05D646-9A49-3416-82F0-8F41B2843531}.Debug|Win32.ActiveCfg = Debug|Win32
		{DB05D646-9A49-3416-82F0-8F41B2843531}.Debug|Win32.Build.0 = Debug|Win32
		{DB05D646-9A49-3416-82F0-8F41B2843531}.Release|Win32.ActiveCfg = Release|Win32
		{DB05D646-9A49-3416-82F0-8F41B2843531}.Release|Win32.Build.0 = Release|Win32
		{DB05D646-9A49-3416-82F0-8F41B2843531}.MinSizeRel|Win32.ActiveCfg = MinSizeRel|Win32
		{DB05D646-9A49-3416-82F0-8F41B2843531}.MinSizeRel|Win32.Build.0 = MinSizeRel|Win32
		{DB05D646-9A49-3416-82F0-8F41B2843531}.RelWithDebInfo|Win32.ActiveCfg = RelWithDebInfo|Win32
		{DB05D646-9A49-3416-82F0-8F41B2843531}.RelWithDebInfo|Win32.Build.0 = RelWithDebInfo|Win32
		{07DE3A4F-FBEB-3DC4-B07C-ECA0D24C49FF}.Debug|Win32.ActiveCfg = Debug|Win32
		{07DE3A4F-FBEB-3DC4-B07C-ECA0D24C49FF}.Debug|Win32.Build.0 = Debug|Win32
		{07DE3A4F-FBEB-3DC4-B07C-ECA0D24C49FF}.Release|Win32.ActiveCfg = Release|Win32
		{07DE3A4F-FBEB-3DC4-B07C-ECA0D24C49FF}.Release|Win32.Build.0 = Release|Win32
		{07DE3A4F-FBEB-3DC4-B07C-ECA0D24C49FF}.MinSizeRel|Win32.ActiveCfg = MinSizeRel|Win32
		{07DE3A4F-FBEB-3DC4-B07C-ECA0D24C49FF}.MinSizeRel|Win32.Build.0 = MinSizeRel|Win32
		{07DE3A4F-FBEB-3DC4-B07C-ECA0D24C49FF}.RelWithDebInfo|Win32.ActiveCfg = RelWithDebInfo|Win32
		{07DE3A4F-FBEB-3DC4-B07C-ECA0D24C49FF}.RelWithDebInfo|Win32.Build.0 = RelWithDebInfo|Win32
	EndGlobalSection
	GlobalSection(NestedProjects) = preSolution
		{48B17194-ECA9-3DBE-91AB-FA9CAF937E2B} = {907A38A0-A9EA-35A2-8C1B-873E5CE0278C}
		{C227EA52-CC86-3561-8F9C-8C229F168C2C} = {907A38A0-A9EA-35A2-8C1B-873E5CE0278C}
		{AB33C3D6-FE66-3B7E-AEF9-392E7EEA70CA} = {BF6B921D-BFD8-3B38-9030-4904B9D4DAFC}
		{53640C70-EE2C-3BC4-A6E7-EFAC07C43F00} = {BF6B921D-BFD8-3B38-9030-4904B9D4DAFC}
		{E5CE5D6B-191D-3FD9-AAD3-83069E26A686} = {BF6B921D-BFD8-3B38-9030-4904B9D4DAFC}
		{BAD4FBCC-17FF-33CA-ADA8-96BB555AA1F3} = {BF6B921D-BFD8-3B38-9030-4904B9D4DAFC}
		{B550E40F-DA7A-37E9-8AE7-1B051CCBB3BD} = {BF6B921D-BFD8-3B38-9030-4904B9D4DAFC}
		{3D5A3447-1E04-3509-BA36-B93B068E9A1A} = {BF6B921D-BFD8-3B38-9030-4904B9D4DAFC}
		{5CA58D75-05A8-3352-A1EE-5594C8EAC21D} = {BF6B921D-BFD8-3B38-9030-4904B9D4DAFC}
		{ACCC281A-9EBF-35CC-9FCF-131A7B44DF65} = {BF6B921D-BFD8-3B38-9030-4904B9D4DAFC}
		{84087F3D-9CB5-3CCD-BA41-8031883043D0} = {BF6B921D-BFD8-3B38-9030-4904B9D4DAFC}
		{DB05D646-9A49-3416-82F0-8F41B2843531} = {BF6B921D-BFD8-3B38-9030-4904B9D4DAFC}
		{07DE3A4F-FBEB-3DC4-B07C-ECA0D24C49FF} = {BF6B921D-BFD8-3B38-9030-4904B9D4DAFC}
		{C453A39A-1058-3A7D-AFF5-BCEDCC67CE97} = {5D272A40-C019-34E0-92AC-6F79622AFB35}
		{38C20A84-D254-3ED5-8603-FE61953B6DB0} = {3EC80DF8-BB18-3CCB-9582-35B8BD2A1EF1}
	EndGlobalSection
	GlobalSection(ExtensibilityGlobals) = postSolution
		SolutionGuid = {E9D5993B-3194-3E94-8526-C0363E1ED921}
	EndGlobalSection
	GlobalSection(ExtensibilityAddIns) = postSolution
	EndGlobalSection
EndGlobal
